// !$*UTF8*$!
{
	archiveVersion = 1;
	classes = {
	};
	objectVersion = 56;
	objects = {

/* Begin PBXBuildFile section */
		4892B3D52BE52A8C00301B03 /* AppDelegate.swift in Sources */ = {isa = PBXBuildFile; fileRef = 4892B3D42BE52A8C00301B03 /* AppDelegate.swift */; };
		4892B3D72BE52A8C00301B03 /* SceneDelegate.swift in Sources */ = {isa = PBXBuildFile; fileRef = 4892B3D62BE52A8C00301B03 /* SceneDelegate.swift */; };
		4892B3DC2BE52A8C00301B03 /* Base in Resources */ = {isa = PBXBuildFile; fileRef = 4892B3DB2BE52A8C00301B03 /* Base */; };
		4892B3DF2BE52A8C00301B03 /* StackOverflow.xcdatamodeld in Sources */ = {isa = PBXBuildFile; fileRef = 4892B3DD2BE52A8C00301B03 /* StackOverflow.xcdatamodeld */; };
		4892B3E12BE52A8F00301B03 /* Assets.xcassets in Resources */ = {isa = PBXBuildFile; fileRef = 4892B3E02BE52A8F00301B03 /* Assets.xcassets */; };
		4892B3E42BE52A8F00301B03 /* Base in Resources */ = {isa = PBXBuildFile; fileRef = 4892B3E32BE52A8F00301B03 /* Base */; };
		4892B3EF2BE52A9000301B03 /* StackOverflowTests.swift in Sources */ = {isa = PBXBuildFile; fileRef = 4892B3EE2BE52A9000301B03 /* StackOverflowTests.swift */; };
		4892B3F92BE52A9000301B03 /* StackOverflowUITests.swift in Sources */ = {isa = PBXBuildFile; fileRef = 4892B3F82BE52A9000301B03 /* StackOverflowUITests.swift */; };
		4892B3FB2BE52A9000301B03 /* StackOverflowUITestsLaunchTests.swift in Sources */ = {isa = PBXBuildFile; fileRef = 4892B3FA2BE52A9000301B03 /* StackOverflowUITestsLaunchTests.swift */; };
		4892B40E2BE52CD800301B03 /* User.swift in Sources */ = {isa = PBXBuildFile; fileRef = 4892B40D2BE52CD800301B03 /* User.swift */; };
		4892B4102BE52F2300301B03 /* NetworkManager.swift in Sources */ = {isa = PBXBuildFile; fileRef = 4892B40F2BE52F2300301B03 /* NetworkManager.swift */; };
		4892B4122BE5495900301B03 /* NetworkError.swift in Sources */ = {isa = PBXBuildFile; fileRef = 4892B4112BE5495900301B03 /* NetworkError.swift */; };
		4892B4142BE5499600301B03 /* NetworkSession.swift in Sources */ = {isa = PBXBuildFile; fileRef = 4892B4132BE5499600301B03 /* NetworkSession.swift */; };
		4892B4162BE549B000301B03 /* Endpoint.swift in Sources */ = {isa = PBXBuildFile; fileRef = 4892B4152BE549B000301B03 /* Endpoint.swift */; };
		4892B4182BE549CB00301B03 /* StackOverflowAPI.swift in Sources */ = {isa = PBXBuildFile; fileRef = 4892B4172BE549CB00301B03 /* StackOverflowAPI.swift */; };
		4892B41A2BE54A5C00301B03 /* UserListViewModel.swift in Sources */ = {isa = PBXBuildFile; fileRef = 4892B4192BE54A5C00301B03 /* UserListViewModel.swift */; };
		4892B41C2BE54AFE00301B03 /* UserListViewController.swift in Sources */ = {isa = PBXBuildFile; fileRef = 4892B41B2BE54AFE00301B03 /* UserListViewController.swift */; };
		4892B41E2BE54B3400301B03 /* UserListView.swift in Sources */ = {isa = PBXBuildFile; fileRef = 4892B41D2BE54B3400301B03 /* UserListView.swift */; };
		4892B4202BE54B5500301B03 /* UserCell.swift in Sources */ = {isa = PBXBuildFile; fileRef = 4892B41F2BE54B5500301B03 /* UserCell.swift */; };
		4892B4262BE7F45D00301B03 /* ErrorView.swift in Sources */ = {isa = PBXBuildFile; fileRef = 4892B4252BE7F45D00301B03 /* ErrorView.swift */; };
/* End PBXBuildFile section */

/* Begin PBXContainerItemProxy section */
		4892B3EB2BE52A9000301B03 /* PBXContainerItemProxy */ = {
			isa = PBXContainerItemProxy;
			containerPortal = 4892B3C92BE52A8C00301B03 /* Project object */;
			proxyType = 1;
			remoteGlobalIDString = 4892B3D02BE52A8C00301B03;
			remoteInfo = StackOverflow;
		};
		4892B3F52BE52A9000301B03 /* PBXContainerItemProxy */ = {
			isa = PBXContainerItemProxy;
			containerPortal = 4892B3C92BE52A8C00301B03 /* Project object */;
			proxyType = 1;
			remoteGlobalIDString = 4892B3D02BE52A8C00301B03;
			remoteInfo = StackOverflow;
		};
/* End PBXContainerItemProxy section */

/* Begin PBXFileReference section */
		4892B3D12BE52A8C00301B03 /* StackOverflow.app */ = {isa = PBXFileReference; explicitFileType = wrapper.application; includeInIndex = 0; path = StackOverflow.app; sourceTree = BUILT_PRODUCTS_DIR; };
		4892B3D42BE52A8C00301B03 /* AppDelegate.swift */ = {isa = PBXFileReference; lastKnownFileType = sourcecode.swift; path = AppDelegate.swift; sourceTree = "<group>"; };
		4892B3D62BE52A8C00301B03 /* SceneDelegate.swift */ = {isa = PBXFileReference; lastKnownFileType = sourcecode.swift; path = SceneDelegate.swift; sourceTree = "<group>"; };
		4892B3DB2BE52A8C00301B03 /* Base */ = {isa = PBXFileReference; lastKnownFileType = file.storyboard; name = Base; path = Base.lproj/Main.storyboard; sourceTree = "<group>"; };
		4892B3DE2BE52A8C00301B03 /* StackOverflow.xcdatamodel */ = {isa = PBXFileReference; lastKnownFileType = wrapper.xcdatamodel; path = StackOverflow.xcdatamodel; sourceTree = "<group>"; };
		4892B3E02BE52A8F00301B03 /* Assets.xcassets */ = {isa = PBXFileReference; lastKnownFileType = folder.assetcatalog; path = Assets.xcassets; sourceTree = "<group>"; };
		4892B3E32BE52A8F00301B03 /* Base */ = {isa = PBXFileReference; lastKnownFileType = file.storyboard; name = Base; path = Base.lproj/LaunchScreen.storyboard; sourceTree = "<group>"; };
		4892B3E52BE52A8F00301B03 /* Info.plist */ = {isa = PBXFileReference; lastKnownFileType = text.plist.xml; path = Info.plist; sourceTree = "<group>"; };
		4892B3EA2BE52A9000301B03 /* StackOverflowTests.xctest */ = {isa = PBXFileReference; explicitFileType = wrapper.cfbundle; includeInIndex = 0; path = StackOverflowTests.xctest; sourceTree = BUILT_PRODUCTS_DIR; };
		4892B3EE2BE52A9000301B03 /* StackOverflowTests.swift */ = {isa = PBXFileReference; lastKnownFileType = sourcecode.swift; path = StackOverflowTests.swift; sourceTree = "<group>"; };
		4892B3F42BE52A9000301B03 /* StackOverflowUITests.xctest */ = {isa = PBXFileReference; explicitFileType = wrapper.cfbundle; includeInIndex = 0; path = StackOverflowUITests.xctest; sourceTree = BUILT_PRODUCTS_DIR; };
		4892B3F82BE52A9000301B03 /* StackOverflowUITests.swift */ = {isa = PBXFileReference; lastKnownFileType = sourcecode.swift; path = StackOverflowUITests.swift; sourceTree = "<group>"; };
		4892B3FA2BE52A9000301B03 /* StackOverflowUITestsLaunchTests.swift */ = {isa = PBXFileReference; lastKnownFileType = sourcecode.swift; path = StackOverflowUITestsLaunchTests.swift; sourceTree = "<group>"; };
		4892B40D2BE52CD800301B03 /* User.swift */ = {isa = PBXFileReference; lastKnownFileType = sourcecode.swift; path = User.swift; sourceTree = "<group>"; };
		4892B40F2BE52F2300301B03 /* NetworkManager.swift */ = {isa = PBXFileReference; lastKnownFileType = sourcecode.swift; path = NetworkManager.swift; sourceTree = "<group>"; };
		4892B4112BE5495900301B03 /* NetworkError.swift */ = {isa = PBXFileReference; lastKnownFileType = sourcecode.swift; path = NetworkError.swift; sourceTree = "<group>"; };
		4892B4132BE5499600301B03 /* NetworkSession.swift */ = {isa = PBXFileReference; lastKnownFileType = sourcecode.swift; path = NetworkSession.swift; sourceTree = "<group>"; };
		4892B4152BE549B000301B03 /* Endpoint.swift */ = {isa = PBXFileReference; lastKnownFileType = sourcecode.swift; path = Endpoint.swift; sourceTree = "<group>"; };
		4892B4172BE549CB00301B03 /* StackOverflowAPI.swift */ = {isa = PBXFileReference; lastKnownFileType = sourcecode.swift; path = StackOverflowAPI.swift; sourceTree = "<group>"; };
		4892B4192BE54A5C00301B03 /* UserListViewModel.swift */ = {isa = PBXFileReference; lastKnownFileType = sourcecode.swift; path = UserListViewModel.swift; sourceTree = "<group>"; };
		4892B41B2BE54AFE00301B03 /* UserListViewController.swift */ = {isa = PBXFileReference; lastKnownFileType = sourcecode.swift; path = UserListViewController.swift; sourceTree = "<group>"; };
		4892B41D2BE54B3400301B03 /* UserListView.swift */ = {isa = PBXFileReference; lastKnownFileType = sourcecode.swift; path = UserListView.swift; sourceTree = "<group>"; };
		4892B41F2BE54B5500301B03 /* UserCell.swift */ = {isa = PBXFileReference; lastKnownFileType = sourcecode.swift; path = UserCell.swift; sourceTree = "<group>"; };
		4892B4252BE7F45D00301B03 /* ErrorView.swift */ = {isa = PBXFileReference; lastKnownFileType = sourcecode.swift; path = ErrorView.swift; sourceTree = "<group>"; };
/* End PBXFileReference section */

/* Begin PBXFrameworksBuildPhase section */
		4892B3CE2BE52A8C00301B03 /* Frameworks */ = {
			isa = PBXFrameworksBuildPhase;
			buildActionMask = 2147483647;
			files = (
			);
			runOnlyForDeploymentPostprocessing = 0;
		};
		4892B3E72BE52A9000301B03 /* Frameworks */ = {
			isa = PBXFrameworksBuildPhase;
			buildActionMask = 2147483647;
			files = (
			);
			runOnlyForDeploymentPostprocessing = 0;
		};
		4892B3F12BE52A9000301B03 /* Frameworks */ = {
			isa = PBXFrameworksBuildPhase;
			buildActionMask = 2147483647;
			files = (
			);
			runOnlyForDeploymentPostprocessing = 0;
		};
/* End PBXFrameworksBuildPhase section */

/* Begin PBXGroup section */
		4892B3C82BE52A8C00301B03 = {
			isa = PBXGroup;
			children = (
				4892B3D32BE52A8C00301B03 /* StackOverflow */,
				4892B3ED2BE52A9000301B03 /* StackOverflowTests */,
				4892B3F72BE52A9000301B03 /* StackOverflowUITests */,
				4892B3D22BE52A8C00301B03 /* Products */,
			);
			sourceTree = "<group>";
		};
		4892B3D22BE52A8C00301B03 /* Products */ = {
			isa = PBXGroup;
			children = (
				4892B3D12BE52A8C00301B03 /* StackOverflow.app */,
				4892B3EA2BE52A9000301B03 /* StackOverflowTests.xctest */,
				4892B3F42BE52A9000301B03 /* StackOverflowUITests.xctest */,
			);
			name = Products;
			sourceTree = "<group>";
		};
		4892B3D32BE52A8C00301B03 /* StackOverflow */ = {
			isa = PBXGroup;
			children = (
				4892B40C2BE52C4600301B03 /* Utility */,
				4892B40B2BE52C3900301B03 /* Controller */,
				4892B40A2BE52C2800301B03 /* Network */,
				4892B4092BE52C1B00301B03 /* View */,
				4892B4082BE52C1000301B03 /* ViewModel */,
				4892B4072BE52BF200301B03 /* Model */,
				4892B3D42BE52A8C00301B03 /* AppDelegate.swift */,
				4892B3D62BE52A8C00301B03 /* SceneDelegate.swift */,
				4892B3DA2BE52A8C00301B03 /* Main.storyboard */,
				4892B3E02BE52A8F00301B03 /* Assets.xcassets */,
				4892B3E22BE52A8F00301B03 /* LaunchScreen.storyboard */,
				4892B3E52BE52A8F00301B03 /* Info.plist */,
				4892B3DD2BE52A8C00301B03 /* StackOverflow.xcdatamodeld */,
			);
			path = StackOverflow;
			sourceTree = "<group>";
		};
		4892B3ED2BE52A9000301B03 /* StackOverflowTests */ = {
			isa = PBXGroup;
			children = (
				4892B3EE2BE52A9000301B03 /* StackOverflowTests.swift */,
			);
			path = StackOverflowTests;
			sourceTree = "<group>";
		};
		4892B3F72BE52A9000301B03 /* StackOverflowUITests */ = {
			isa = PBXGroup;
			children = (
				4892B3F82BE52A9000301B03 /* StackOverflowUITests.swift */,
				4892B3FA2BE52A9000301B03 /* StackOverflowUITestsLaunchTests.swift */,
			);
			path = StackOverflowUITests;
			sourceTree = "<group>";
		};
		4892B4072BE52BF200301B03 /* Model */ = {
			isa = PBXGroup;
			children = (
				4892B40D2BE52CD800301B03 /* User.swift */,
			);
			path = Model;
			sourceTree = "<group>";
		};
		4892B4082BE52C1000301B03 /* ViewModel */ = {
			isa = PBXGroup;
			children = (
				4892B4192BE54A5C00301B03 /* UserListViewModel.swift */,
			);
			path = ViewModel;
			sourceTree = "<group>";
		};
		4892B4092BE52C1B00301B03 /* View */ = {
			isa = PBXGroup;
			children = (
				4892B41D2BE54B3400301B03 /* UserListView.swift */,
				4892B41F2BE54B5500301B03 /* UserCell.swift */,
				4892B4252BE7F45D00301B03 /* ErrorView.swift */,
			);
			path = View;
			sourceTree = "<group>";
		};
		4892B40A2BE52C2800301B03 /* Network */ = {
			isa = PBXGroup;
			children = (
				4892B40F2BE52F2300301B03 /* NetworkManager.swift */,
				4892B4112BE5495900301B03 /* NetworkError.swift */,
				4892B4132BE5499600301B03 /* NetworkSession.swift */,
				4892B4152BE549B000301B03 /* Endpoint.swift */,
				4892B4172BE549CB00301B03 /* StackOverflowAPI.swift */,
			);
			path = Network;
			sourceTree = "<group>";
		};
		4892B40B2BE52C3900301B03 /* Controller */ = {
			isa = PBXGroup;
			children = (
				4892B41B2BE54AFE00301B03 /* UserListViewController.swift */,
			);
			path = Controller;
			sourceTree = "<group>";
		};
		4892B40C2BE52C4600301B03 /* Utility */ = {
			isa = PBXGroup;
			children = (
			);
			path = Utility;
			sourceTree = "<group>";
		};
/* End PBXGroup section */

/* Begin PBXNativeTarget section */
		4892B3D02BE52A8C00301B03 /* StackOverflow */ = {
			isa = PBXNativeTarget;
			buildConfigurationList = 4892B3FE2BE52A9000301B03 /* Build configuration list for PBXNativeTarget "StackOverflow" */;
			buildPhases = (
				4892B3CD2BE52A8C00301B03 /* Sources */,
				4892B3CE2BE52A8C00301B03 /* Frameworks */,
				4892B3CF2BE52A8C00301B03 /* Resources */,
			);
			buildRules = (
			);
			dependencies = (
			);
			name = StackOverflow;
			productName = StackOverflow;
			productReference = 4892B3D12BE52A8C00301B03 /* StackOverflow.app */;
			productType = "com.apple.product-type.application";
		};
		4892B3E92BE52A9000301B03 /* StackOverflowTests */ = {
			isa = PBXNativeTarget;
			buildConfigurationList = 4892B4012BE52A9000301B03 /* Build configuration list for PBXNativeTarget "StackOverflowTests" */;
			buildPhases = (
				4892B3E62BE52A9000301B03 /* Sources */,
				4892B3E72BE52A9000301B03 /* Frameworks */,
				4892B3E82BE52A9000301B03 /* Resources */,
			);
			buildRules = (
			);
			dependencies = (
				4892B3EC2BE52A9000301B03 /* PBXTargetDependency */,
			);
			name = StackOverflowTests;
			productName = StackOverflowTests;
			productReference = 4892B3EA2BE52A9000301B03 /* StackOverflowTests.xctest */;
			productType = "com.apple.product-type.bundle.unit-test";
		};
		4892B3F32BE52A9000301B03 /* StackOverflowUITests */ = {
			isa = PBXNativeTarget;
			buildConfigurationList = 4892B4042BE52A9000301B03 /* Build configuration list for PBXNativeTarget "StackOverflowUITests" */;
			buildPhases = (
				4892B3F02BE52A9000301B03 /* Sources */,
				4892B3F12BE52A9000301B03 /* Frameworks */,
				4892B3F22BE52A9000301B03 /* Resources */,
			);
			buildRules = (
			);
			dependencies = (
				4892B3F62BE52A9000301B03 /* PBXTargetDependency */,
			);
			name = StackOverflowUITests;
			productName = StackOverflowUITests;
			productReference = 4892B3F42BE52A9000301B03 /* StackOverflowUITests.xctest */;
			productType = "com.apple.product-type.bundle.ui-testing";
		};
/* End PBXNativeTarget section */

/* Begin PBXProject section */
		4892B3C92BE52A8C00301B03 /* Project object */ = {
			isa = PBXProject;
			attributes = {
				BuildIndependentTargetsInParallel = 1;
				LastSwiftUpdateCheck = 1530;
				LastUpgradeCheck = 1530;
				TargetAttributes = {
					4892B3D02BE52A8C00301B03 = {
						CreatedOnToolsVersion = 15.3;
					};
					4892B3E92BE52A9000301B03 = {
						CreatedOnToolsVersion = 15.3;
						TestTargetID = 4892B3D02BE52A8C00301B03;
					};
					4892B3F32BE52A9000301B03 = {
						CreatedOnToolsVersion = 15.3;
						TestTargetID = 4892B3D02BE52A8C00301B03;
					};
				};
			};
			buildConfigurationList = 4892B3CC2BE52A8C00301B03 /* Build configuration list for PBXProject "StackOverflow" */;
			compatibilityVersion = "Xcode 14.0";
			developmentRegion = en;
			hasScannedForEncodings = 0;
			knownRegions = (
				en,
				Base,
			);
			mainGroup = 4892B3C82BE52A8C00301B03;
			productRefGroup = 4892B3D22BE52A8C00301B03 /* Products */;
			projectDirPath = "";
			projectRoot = "";
			targets = (
				4892B3D02BE52A8C00301B03 /* StackOverflow */,
				4892B3E92BE52A9000301B03 /* StackOverflowTests */,
				4892B3F32BE52A9000301B03 /* StackOverflowUITests */,
			);
		};
/* End PBXProject section */

/* Begin PBXResourcesBuildPhase section */
		4892B3CF2BE52A8C00301B03 /* Resources */ = {
			isa = PBXResourcesBuildPhase;
			buildActionMask = 2147483647;
			files = (
				4892B3E12BE52A8F00301B03 /* Assets.xcassets in Resources */,
				4892B3E42BE52A8F00301B03 /* Base in Resources */,
				4892B3DC2BE52A8C00301B03 /* Base in Resources */,
			);
			runOnlyForDeploymentPostprocessing = 0;
		};
		4892B3E82BE52A9000301B03 /* Resources */ = {
			isa = PBXResourcesBuildPhase;
			buildActionMask = 2147483647;
			files = (
			);
			runOnlyForDeploymentPostprocessing = 0;
		};
		4892B3F22BE52A9000301B03 /* Resources */ = {
			isa = PBXResourcesBuildPhase;
			buildActionMask = 2147483647;
			files = (
			);
			runOnlyForDeploymentPostprocessing = 0;
		};
/* End PBXResourcesBuildPhase section */

/* Begin PBXSourcesBuildPhase section */
		4892B3CD2BE52A8C00301B03 /* Sources */ = {
			isa = PBXSourcesBuildPhase;
			buildActionMask = 2147483647;
			files = (
				4892B4102BE52F2300301B03 /* NetworkManager.swift in Sources */,
				4892B41A2BE54A5C00301B03 /* UserListViewModel.swift in Sources */,
				4892B4182BE549CB00301B03 /* StackOverflowAPI.swift in Sources */,
				4892B4162BE549B000301B03 /* Endpoint.swift in Sources */,
				4892B4122BE5495900301B03 /* NetworkError.swift in Sources */,
				4892B41C2BE54AFE00301B03 /* UserListViewController.swift in Sources */,
				4892B4202BE54B5500301B03 /* UserCell.swift in Sources */,
				4892B3DF2BE52A8C00301B03 /* StackOverflow.xcdatamodeld in Sources */,
				4892B3D52BE52A8C00301B03 /* AppDelegate.swift in Sources */,
				4892B4142BE5499600301B03 /* NetworkSession.swift in Sources */,
				4892B40E2BE52CD800301B03 /* User.swift in Sources */,
				4892B4262BE7F45D00301B03 /* ErrorView.swift in Sources */,
				4892B3D72BE52A8C00301B03 /* SceneDelegate.swift in Sources */,
				4892B41E2BE54B3400301B03 /* UserListView.swift in Sources */,
			);
			runOnlyForDeploymentPostprocessing = 0;
		};
		4892B3E62BE52A9000301B03 /* Sources */ = {
			isa = PBXSourcesBuildPhase;
			buildActionMask = 2147483647;
			files = (
				4892B3EF2BE52A9000301B03 /* StackOverflowTests.swift in Sources */,
			);
			runOnlyForDeploymentPostprocessing = 0;
		};
		4892B3F02BE52A9000301B03 /* Sources */ = {
			isa = PBXSourcesBuildPhase;
			buildActionMask = 2147483647;
			files = (
				4892B3F92BE52A9000301B03 /* StackOverflowUITests.swift in Sources */,
				4892B3FB2BE52A9000301B03 /* StackOverflowUITestsLaunchTests.swift in Sources */,
			);
			runOnlyForDeploymentPostprocessing = 0;
		};
/* End PBXSourcesBuildPhase section */

/* Begin PBXTargetDependency section */
		4892B3EC2BE52A9000301B03 /* PBXTargetDependency */ = {
			isa = PBXTargetDependency;
			target = 4892B3D02BE52A8C00301B03 /* StackOverflow */;
			targetProxy = 4892B3EB2BE52A9000301B03 /* PBXContainerItemProxy */;
		};
		4892B3F62BE52A9000301B03 /* PBXTargetDependency */ = {
			isa = PBXTargetDependency;
			target = 4892B3D02BE52A8C00301B03 /* StackOverflow */;
			targetProxy = 4892B3F52BE52A9000301B03 /* PBXContainerItemProxy */;
		};
/* End PBXTargetDependency section */

/* Begin PBXVariantGroup section */
		4892B3DA2BE52A8C00301B03 /* Main.storyboard */ = {
			isa = PBXVariantGroup;
			children = (
				4892B3DB2BE52A8C00301B03 /* Base */,
			);
			name = Main.storyboard;
			sourceTree = "<group>";
		};
		4892B3E22BE52A8F00301B03 /* LaunchScreen.storyboard */ = {
			isa = PBXVariantGroup;
			children = (
				4892B3E32BE52A8F00301B03 /* Base */,
			);
			name = LaunchScreen.storyboard;
			sourceTree = "<group>";
		};
/* End PBXVariantGroup section */

/* Begin XCBuildConfiguration section */
		4892B3FC2BE52A9000301B03 /* Debug */ = {
			isa = XCBuildConfiguration;
			buildSettings = {
				ALWAYS_SEARCH_USER_PATHS = NO;
				ASSETCATALOG_COMPILER_GENERATE_SWIFT_ASSET_SYMBOL_EXTENSIONS = YES;
				CLANG_ANALYZER_NONNULL = YES;
				CLANG_ANALYZER_NUMBER_OBJECT_CONVERSION = YES_AGGRESSIVE;
				CLANG_CXX_LANGUAGE_STANDARD = "gnu++20";
				CLANG_ENABLE_MODULES = YES;
				CLANG_ENABLE_OBJC_ARC = YES;
				CLANG_ENABLE_OBJC_WEAK = YES;
				CLANG_WARN_BLOCK_CAPTURE_AUTORELEASING = YES;
				CLANG_WARN_BOOL_CONVERSION = YES;
				CLANG_WARN_COMMA = YES;
				CLANG_WARN_CONSTANT_CONVERSION = YES;
				CLANG_WARN_DEPRECATED_OBJC_IMPLEMENTATIONS = YES;
				CLANG_WARN_DIRECT_OBJC_ISA_USAGE = YES_ERROR;
				CLANG_WARN_DOCUMENTATION_COMMENTS = YES;
				CLANG_WARN_EMPTY_BODY = YES;
				CLANG_WARN_ENUM_CONVERSION = YES;
				CLANG_WARN_INFINITE_RECURSION = YES;
				CLANG_WARN_INT_CONVERSION = YES;
				CLANG_WARN_NON_LITERAL_NULL_CONVERSION = YES;
				CLANG_WARN_OBJC_IMPLICIT_RETAIN_SELF = YES;
				CLANG_WARN_OBJC_LITERAL_CONVERSION = YES;
				CLANG_WARN_OBJC_ROOT_CLASS = YES_ERROR;
				CLANG_WARN_QUOTED_INCLUDE_IN_FRAMEWORK_HEADER = YES;
				CLANG_WARN_RANGE_LOOP_ANALYSIS = YES;
				CLANG_WARN_STRICT_PROTOTYPES = YES;
				CLANG_WARN_SUSPICIOUS_MOVE = YES;
				CLANG_WARN_UNGUARDED_AVAILABILITY = YES_AGGRESSIVE;
				CLANG_WARN_UNREACHABLE_CODE = YES;
				CLANG_WARN__DUPLICATE_METHOD_MATCH = YES;
				COPY_PHASE_STRIP = NO;
				DEBUG_INFORMATION_FORMAT = dwarf;
				ENABLE_STRICT_OBJC_MSGSEND = YES;
				ENABLE_TESTABILITY = YES;
				ENABLE_USER_SCRIPT_SANDBOXING = YES;
				GCC_C_LANGUAGE_STANDARD = gnu17;
				GCC_DYNAMIC_NO_PIC = NO;
				GCC_NO_COMMON_BLOCKS = YES;
				GCC_OPTIMIZATION_LEVEL = 0;
				GCC_PREPROCESSOR_DEFINITIONS = (
					"DEBUG=1",
					"$(inherited)",
				);
				GCC_WARN_64_TO_32_BIT_CONVERSION = YES;
				GCC_WARN_ABOUT_RETURN_TYPE = YES_ERROR;
				GCC_WARN_UNDECLARED_SELECTOR = YES;
				GCC_WARN_UNINITIALIZED_AUTOS = YES_AGGRESSIVE;
				GCC_WARN_UNUSED_FUNCTION = YES;
				GCC_WARN_UNUSED_VARIABLE = YES;
				IPHONEOS_DEPLOYMENT_TARGET = 16.0;
				LOCALIZATION_PREFERS_STRING_CATALOGS = YES;
				MTL_ENABLE_DEBUG_INFO = INCLUDE_SOURCE;
				MTL_FAST_MATH = YES;
				ONLY_ACTIVE_ARCH = YES;
				SDKROOT = iphoneos;
				SWIFT_ACTIVE_COMPILATION_CONDITIONS = "DEBUG $(inherited)";
				SWIFT_OPTIMIZATION_LEVEL = "-Onone";
			};
			name = Debug;
		};
		4892B3FD2BE52A9000301B03 /* Release */ = {
			isa = XCBuildConfiguration;
			buildSettings = {
				ALWAYS_SEARCH_USER_PATHS = NO;
				ASSETCATALOG_COMPILER_GENERATE_SWIFT_ASSET_SYMBOL_EXTENSIONS = YES;
				CLANG_ANALYZER_NONNULL = YES;
				CLANG_ANALYZER_NUMBER_OBJECT_CONVERSION = YES_AGGRESSIVE;
				CLANG_CXX_LANGUAGE_STANDARD = "gnu++20";
				CLANG_ENABLE_MODULES = YES;
				CLANG_ENABLE_OBJC_ARC = YES;
				CLANG_ENABLE_OBJC_WEAK = YES;
				CLANG_WARN_BLOCK_CAPTURE_AUTORELEASING = YES;
				CLANG_WARN_BOOL_CONVERSION = YES;
				CLANG_WARN_COMMA = YES;
				CLANG_WARN_CONSTANT_CONVERSION = YES;
				CLANG_WARN_DEPRECATED_OBJC_IMPLEMENTATIONS = YES;
				CLANG_WARN_DIRECT_OBJC_ISA_USAGE = YES_ERROR;
				CLANG_WARN_DOCUMENTATION_COMMENTS = YES;
				CLANG_WARN_EMPTY_BODY = YES;
				CLANG_WARN_ENUM_CONVERSION = YES;
				CLANG_WARN_INFINITE_RECURSION = YES;
				CLANG_WARN_INT_CONVERSION = YES;
				CLANG_WARN_NON_LITERAL_NULL_CONVERSION = YES;
				CLANG_WARN_OBJC_IMPLICIT_RETAIN_SELF = YES;
				CLANG_WARN_OBJC_LITERAL_CONVERSION = YES;
				CLANG_WARN_OBJC_ROOT_CLASS = YES_ERROR;
				CLANG_WARN_QUOTED_INCLUDE_IN_FRAMEWORK_HEADER = YES;
				CLANG_WARN_RANGE_LOOP_ANALYSIS = YES;
				CLANG_WARN_STRICT_PROTOTYPES = YES;
				CLANG_WARN_SUSPICIOUS_MOVE = YES;
				CLANG_WARN_UNGUARDED_AVAILABILITY = YES_AGGRESSIVE;
				CLANG_WARN_UNREACHABLE_CODE = YES;
				CLANG_WARN__DUPLICATE_METHOD_MATCH = YES;
				COPY_PHASE_STRIP = NO;
				DEBUG_INFORMATION_FORMAT = "dwarf-with-dsym";
				ENABLE_NS_ASSERTIONS = NO;
				ENABLE_STRICT_OBJC_MSGSEND = YES;
				ENABLE_USER_SCRIPT_SANDBOXING = YES;
				GCC_C_LANGUAGE_STANDARD = gnu17;
				GCC_NO_COMMON_BLOCKS = YES;
				GCC_WARN_64_TO_32_BIT_CONVERSION = YES;
				GCC_WARN_ABOUT_RETURN_TYPE = YES_ERROR;
				GCC_WARN_UNDECLARED_SELECTOR = YES;
				GCC_WARN_UNINITIALIZED_AUTOS = YES_AGGRESSIVE;
				GCC_WARN_UNUSED_FUNCTION = YES;
				GCC_WARN_UNUSED_VARIABLE = YES;
				IPHONEOS_DEPLOYMENT_TARGET = 16.0;
				LOCALIZATION_PREFERS_STRING_CATALOGS = YES;
				MTL_ENABLE_DEBUG_INFO = NO;
				MTL_FAST_MATH = YES;
				SDKROOT = iphoneos;
				SWIFT_COMPILATION_MODE = wholemodule;
				VALIDATE_PRODUCT = YES;
			};
			name = Release;
		};
		4892B3FF2BE52A9000301B03 /* Debug */ = {
			isa = XCBuildConfiguration;
			buildSettings = {
				ASSETCATALOG_COMPILER_APPICON_NAME = AppIcon;
				ASSETCATALOG_COMPILER_GLOBAL_ACCENT_COLOR_NAME = AccentColor;
				CODE_SIGN_STYLE = Automatic;
				CURRENT_PROJECT_VERSION = 1;
				DEVELOPMENT_TEAM = L28FYLS585;
				GENERATE_INFOPLIST_FILE = YES;
				INFOPLIST_FILE = StackOverflow/Info.plist;
				INFOPLIST_KEY_UIApplicationSupportsIndirectInputEvents = YES;
				INFOPLIST_KEY_UILaunchStoryboardName = LaunchScreen;
				INFOPLIST_KEY_UIMainStoryboardFile = Main;
				INFOPLIST_KEY_UISupportedInterfaceOrientations_iPad = "UIInterfaceOrientationPortrait UIInterfaceOrientationPortraitUpsideDown UIInterfaceOrientationLandscapeLeft UIInterfaceOrientationLandscapeRight";
				INFOPLIST_KEY_UISupportedInterfaceOrientations_iPhone = "UIInterfaceOrientationPortrait UIInterfaceOrientationLandscapeLeft UIInterfaceOrientationLandscapeRight";
				LD_RUNPATH_SEARCH_PATHS = (
					"$(inherited)",
					"@executable_path/Frameworks",
				);
				MARKETING_VERSION = 1.0;
				PRODUCT_BUNDLE_IDENTIFIER = com.emil.StackOverflow;
				PRODUCT_NAME = "$(TARGET_NAME)";
				SWIFT_EMIT_LOC_STRINGS = YES;
				SWIFT_VERSION = 5.0;
				TARGETED_DEVICE_FAMILY = "1,2";
			};
			name = Debug;
		};
		4892B4002BE52A9000301B03 /* Release */ = {
			isa = XCBuildConfiguration;
			buildSettings = {
				ASSETCATALOG_COMPILER_APPICON_NAME = AppIcon;
				ASSETCATALOG_COMPILER_GLOBAL_ACCENT_COLOR_NAME = AccentColor;
				CODE_SIGN_STYLE = Automatic;
				CURRENT_PROJECT_VERSION = 1;
				DEVELOPMENT_TEAM = L28FYLS585;
				GENERATE_INFOPLIST_FILE = YES;
				INFOPLIST_FILE = StackOverflow/Info.plist;
				INFOPLIST_KEY_UIApplicationSupportsIndirectInputEvents = YES;
				INFOPLIST_KEY_UILaunchStoryboardName = LaunchScreen;
				INFOPLIST_KEY_UIMainStoryboardFile = Main;
				INFOPLIST_KEY_UISupportedInterfaceOrientations_iPad = "UIInterfaceOrientationPortrait UIInterfaceOrientationPortraitUpsideDown UIInterfaceOrientationLandscapeLeft UIInterfaceOrientationLandscapeRight";
				INFOPLIST_KEY_UISupportedInterfaceOrientations_iPhone = "UIInterfaceOrientationPortrait UIInterfaceOrientationLandscapeLeft UIInterfaceOrientationLandscapeRight";
				LD_RUNPATH_SEARCH_PATHS = (
					"$(inherited)",
					"@executable_path/Frameworks",
				);
				MARKETING_VERSION = 1.0;
				PRODUCT_BUNDLE_IDENTIFIER = com.emil.StackOverflow;
				PRODUCT_NAME = "$(TARGET_NAME)";
				SWIFT_EMIT_LOC_STRINGS = YES;
				SWIFT_VERSION = 5.0;
				TARGETED_DEVICE_FAMILY = "1,2";
			};
			name = Release;
		};
		4892B4022BE52A9000301B03 /* Debug */ = {
			isa = XCBuildConfiguration;
			buildSettings = {
				ALWAYS_EMBED_SWIFT_STANDARD_LIBRARIES = YES;
				BUNDLE_LOADER = "$(TEST_HOST)";
				CODE_SIGN_STYLE = Automatic;
				CURRENT_PROJECT_VERSION = 1;
				DEVELOPMENT_TEAM = L28FYLS585;
				GENERATE_INFOPLIST_FILE = YES;
				IPHONEOS_DEPLOYMENT_TARGET = 17.4;
				MARKETING_VERSION = 1.0;
				PRODUCT_BUNDLE_IDENTIFIER = com.emil.StackOverflowTests;
				PRODUCT_NAME = "$(TARGET_NAME)";
				SWIFT_EMIT_LOC_STRINGS = NO;
				SWIFT_VERSION = 5.0;
				TARGETED_DEVICE_FAMILY = "1,2";
				TEST_HOST = "$(BUILT_PRODUCTS_DIR)/StackOverflow.app/$(BUNDLE_EXECUTABLE_FOLDER_PATH)/StackOverflow";
			};
			name = Debug;
		};
		4892B4032BE52A9000301B03 /* Release */ = {
			isa = XCBuildConfiguration;
			buildSettings = {
				ALWAYS_EMBED_SWIFT_STANDARD_LIBRARIES = YES;
				BUNDLE_LOADER = "$(TEST_HOST)";
				CODE_SIGN_STYLE = Automatic;
				CURRENT_PROJECT_VERSION = 1;
				DEVELOPMENT_TEAM = L28FYLS585;
				GENERATE_INFOPLIST_FILE = YES;
				IPHONEOS_DEPLOYMENT_TARGET = 17.4;
				MARKETING_VERSION = 1.0;
				PRODUCT_BUNDLE_IDENTIFIER = com.emil.StackOverflowTests;
				PRODUCT_NAME = "$(TARGET_NAME)";
				SWIFT_EMIT_LOC_STRINGS = NO;
				SWIFT_VERSION = 5.0;
				TARGETED_DEVICE_FAMILY = "1,2";
				TEST_HOST = "$(BUILT_PRODUCTS_DIR)/StackOverflow.app/$(BUNDLE_EXECUTABLE_FOLDER_PATH)/StackOverflow";
			};
			name = Release;
		};
		4892B4052BE52A9000301B03 /* Debug */ = {
			isa = XCBuildConfiguration;
			buildSettings = {
				ALWAYS_EMBED_SWIFT_STANDARD_LIBRARIES = YES;
				CODE_SIGN_STYLE = Automatic;
				CURRENT_PROJECT_VERSION = 1;
				DEVELOPMENT_TEAM = L28FYLS585;
				GENERATE_INFOPLIST_FILE = YES;
				MARKETING_VERSION = 1.0;
				PRODUCT_BUNDLE_IDENTIFIER = com.emil.StackOverflowUITests;
				PRODUCT_NAME = "$(TARGET_NAME)";
				SWIFT_EMIT_LOC_STRINGS = NO;
				SWIFT_VERSION = 5.0;
				TARGETED_DEVICE_FAMILY = "1,2";
				TEST_TARGET_NAME = StackOverflow;
			};
			name = Debug;
		};
		4892B4062BE52A9000301B03 /* Release */ = {
			isa = XCBuildConfiguration;
			buildSettings = {
				ALWAYS_EMBED_SWIFT_STANDARD_LIBRARIES = YES;
				CODE_SIGN_STYLE = Automatic;
				CURRENT_PROJECT_VERSION = 1;
				DEVELOPMENT_TEAM = L28FYLS585;
				GENERATE_INFOPLIST_FILE = YES;
				MARKETING_VERSION = 1.0;
				PRODUCT_BUNDLE_IDENTIFIER = com.emil.StackOverflowUITests;
				PRODUCT_NAME = "$(TARGET_NAME)";
				SWIFT_EMIT_LOC_STRINGS = NO;
				SWIFT_VERSION = 5.0;
				TARGETED_DEVICE_FAMILY = "1,2";
				TEST_TARGET_NAME = StackOverflow;
			};
			name = Release;
		};
/* End XCBuildConfiguration section */

/* Begin XCConfigurationList section */
		4892B3CC2BE52A8C00301B03 /* Build configuration list for PBXProject "StackOverflow" */ = {
			isa = XCConfigurationList;
			buildConfigurations = (
				4892B3FC2BE52A9000301B03 /* Debug */,
				4892B3FD2BE52A9000301B03 /* Release */,
			);
			defaultConfigurationIsVisible = 0;
			defaultConfigurationName = Release;
		};
		4892B3FE2BE52A9000301B03 /* Build configuration list for PBXNativeTarget "StackOverflow" */ = {
			isa = XCConfigurationList;
			buildConfigurations = (
				4892B3FF2BE52A9000301B03 /* Debug */,
				4892B4002BE52A9000301B03 /* Release */,
			);
			defaultConfigurationIsVisible = 0;
			defaultConfigurationName = Release;
		};
		4892B4012BE52A9000301B03 /* Build configuration list for PBXNativeTarget "StackOverflowTests" */ = {
			isa = XCConfigurationList;
			buildConfigurations = (
				4892B4022BE52A9000301B03 /* Debug */,
				4892B4032BE52A9000301B03 /* Release */,
			);
			defaultConfigurationIsVisible = 0;
			defaultConfigurationName = Release;
		};
		4892B4042BE52A9000301B03 /* Build configuration list for PBXNativeTarget "StackOverflowUITests" */ = {
			isa = XCConfigurationList;
			buildConfigurations = (
				4892B4052BE52A9000301B03 /* Debug */,
				4892B4062BE52A9000301B03 /* Release */,
			);
			defaultConfigurationIsVisible = 0;
			defaultConfigurationName = Release;
		};
/* End XCConfigurationList section */

/* Begin XCVersionGroup section */
		4892B3DD2BE52A8C00301B03 /* StackOverflow.xcdatamodeld */ = {
			isa = XCVersionGroup;
			children = (
				4892B3DE2BE52A8C00301B03 /* StackOverflow.xcdatamodel */,
			);
			currentVersion = 4892B3DE2BE52A8C00301B03 /* StackOverflow.xcdatamodel */;
			path = StackOverflow.xcdatamodeld;
			sourceTree = "<group>";
			versionGroupType = wrapper.xcdatamodel;
		};
/* End XCVersionGroup section */
	};
	rootObject = 4892B3C92BE52A8C00301B03 /* Project object */;
}
